# This file is automatically @generated by Cargo.
# It is not intended for manual editing.
version = 3

[[package]]
name = "atomic-types"
version = "0.1.0"
source = "registry+https://github.com/rust-lang/crates.io-index"
checksum = "ac833a1d937cb6e4e96ea95b56b49bfb63567b761c620d9342e7d97ec02da223"

[[package]]
name = "const-utils"
version = "0.1.1"
source = "registry+https://github.com/rust-lang/crates.io-index"
checksum = "004dad2229d2902fbb09ff8e9c93a9424e36e3b094ff8231a5e184d1eb622856"

[[package]]
name = "containers-rs"
version = "0.5.1"
source = "registry+https://github.com/rust-lang/crates.io-index"
checksum = "5c15baed1caeeffb79f06a97b07cb04f6b092c686b249917e8c356dd31569368"

[[package]]
name = "heaparray"
version = "0.5.1"
source = "registry+https://github.com/rust-lang/crates.io-index"
checksum = "8de52c3b6089cda4df422d58df8910c5ed03ad924e9c78d67d6f8aa012d55494"
dependencies = [
 "atomic-types",
 "const-utils",
 "containers-rs",
]

[[package]]
name = "hello-rust"
version = "0.1.0"
dependencies = [
 "heaparray",
]
